
Microsoft Visual Studio Solution File, Format Version 12.00
# Visual Studio Version 17
VisualStudioVersion = 17.11.35327.3
MinimumVisualStudioVersion = 10.0.40219.1
Project("{FAE04EC0-301F-11D3-BF4B-00C04F79EFBC}") = "IronForgeMagacin", "IronForgeMagacin\IronForgeMagacin.csproj", "{25889387-5942-4650-AF03-0B398209B29D}"
EndProject
Project("{FAE04EC0-301F-11D3-BF4B-00C04F79EFBC}") = "IronForge.UseCases", "IronForge.UseCases\IronForge.UseCases.csproj", "{EF8DE0E8-F6E7-4F9A-8775-EA7F6F1CA878}"
EndProject
Project("{FAE04EC0-301F-11D3-BF4B-00C04F79EFBC}") = "IronForge.CoreBusiness", "IronForge.CoreBusiness\IronForge.CoreBusiness.csproj", "{C1C095F7-8C48-4FBB-9D82-F53D653D82CB}"
EndProject
Project("{2150E333-8FDC-42A3-9474-1A3956D46DE8}") = "IronForge.Plugins", "IronForge.Plugins", "{39511E35-EAA3-4A7B-81A3-36B653A7B896}"
EndProject
Project("{FAE04EC0-301F-11D3-BF4B-00C04F79EFBC}") = "IronForge.Plugins.InMemory", "IronForge.Plugins\IronForge.Plugins.InMemory\IronForge.Plugins.InMemory.csproj", "{348F0AE9-22F5-494C-8DA1-9D71F121B01B}"
EndProject
Global
	GlobalSection(SolutionConfigurationPlatforms) = preSolution
		Debug|Any CPU = Debug|Any CPU
		Release|Any CPU = Release|Any CPU
	EndGlobalSection
	GlobalSection(ProjectConfigurationPlatforms) = postSolution
		{25889387-5942-4650-AF03-0B398209B29D}.Debug|Any CPU.ActiveCfg = Debug|Any CPU
		{25889387-5942-4650-AF03-0B398209B29D}.Debug|Any CPU.Build.0 = Debug|Any CPU
		{25889387-5942-4650-AF03-0B398209B29D}.Release|Any CPU.ActiveCfg = Release|Any CPU
		{25889387-5942-4650-AF03-0B398209B29D}.Release|Any CPU.Build.0 = Release|Any CPU
		{EF8DE0E8-F6E7-4F9A-8775-EA7F6F1CA878}.Debug|Any CPU.ActiveCfg = Debug|Any CPU
		{EF8DE0E8-F6E7-4F9A-8775-EA7F6F1CA878}.Debug|Any CPU.Build.0 = Debug|Any CPU
		{EF8DE0E8-F6E7-4F9A-8775-EA7F6F1CA878}.Release|Any CPU.ActiveCfg = Release|Any CPU
		{EF8DE0E8-F6E7-4F9A-8775-EA7F6F1CA878}.Release|Any CPU.Build.0 = Release|Any CPU
		{C1C095F7-8C48-4FBB-9D82-F53D653D82CB}.Debug|Any CPU.ActiveCfg = Debug|Any CPU
		{C1C095F7-8C48-4FBB-9D82-F53D653D82CB}.Debug|Any CPU.Build.0 = Debug|Any CPU
		{C1C095F7-8C48-4FBB-9D82-F53D653D82CB}.Release|Any CPU.ActiveCfg = Release|Any CPU
		{C1C095F7-8C48-4FBB-9D82-F53D653D82CB}.Release|Any CPU.Build.0 = Release|Any CPU
		{348F0AE9-22F5-494C-8DA1-9D71F121B01B}.Debug|Any CPU.ActiveCfg = Debug|Any CPU
		{348F0AE9-22F5-494C-8DA1-9D71F121B01B}.Debug|Any CPU.Build.0 = Debug|Any CPU
		{348F0AE9-22F5-494C-8DA1-9D71F121B01B}.Release|Any CPU.ActiveCfg = Release|Any CPU
		{348F0AE9-22F5-494C-8DA1-9D71F121B01B}.Release|Any CPU.Build.0 = Release|Any CPU
	EndGlobalSection
	GlobalSection(SolutionProperties) = preSolution
		HideSolutionNode = FALSE
	EndGlobalSection
	GlobalSection(NestedProjects) = preSolution
		{348F0AE9-22F5-494C-8DA1-9D71F121B01B} = {39511E35-EAA3-4A7B-81A3-36B653A7B896}
	EndGlobalSection
	GlobalSection(ExtensibilityGlobals) = postSolution
		SolutionGuid = {392A103C-798F-45B0-A1B0-6A85BFD6C5FE}
	EndGlobalSection
EndGlobal
